// !$*UTF8*$!
{
	archiveVersion = 1;
	classes = {
	};
	objectVersion = 42;
	objects = {

/* Begin PBXFileReference section */
		82332C1311EADB3F0065AE60 /* AmplitudeModulator.py */ = {isa = PBXFileReference; fileEncoding = 4; lastKnownFileType = text.script.python; path = AmplitudeModulator.py; sourceTree = "<group>"; };
		824839CA11E1245300DCA14B /* main.py */ = {isa = PBXFileReference; fileEncoding = 4; lastKnownFileType = text.script.python; path = main.py; sourceTree = "<group>"; };
		82483A0311E154A000DCA14B /* FlowChart.py */ = {isa = PBXFileReference; fileEncoding = 4; lastKnownFileType = text.script.python; path = FlowChart.py; sourceTree = "<group>"; };
		82483A0611E154A000DCA14B /* __init__.py */ = {isa = PBXFileReference; fileEncoding = 4; lastKnownFileType = text.script.python; path = __init__.py; sourceTree = "<group>"; };
		82483A0911E154A000DCA14B /* __init__.py */ = {isa = PBXFileReference; fileEncoding = 4; lastKnownFileType = text.script.python; path = __init__.py; sourceTree = "<group>"; };
		82483A0C11E154A000DCA14B /* __init__.py */ = {isa = PBXFileReference; fileEncoding = 4; lastKnownFileType = text.script.python; path = __init__.py; sourceTree = "<group>"; };
		82483A0E11E154A000DCA14B /* PureTone.py */ = {isa = PBXFileReference; fileEncoding = 4; lastKnownFileType = text.script.python; path = PureTone.py; sourceTree = "<group>"; };
		82483A1111E154A000DCA14B /* __init__.py */ = {isa = PBXFileReference; fileEncoding = 4; lastKnownFileType = text.script.python; path = __init__.py; sourceTree = "<group>"; };
		82483A1311E154A000DCA14B /* Sinusoidal.py */ = {isa = PBXFileReference; fileEncoding = 4; lastKnownFileType = text.script.python; path = Sinusoidal.py; sourceTree = "<group>"; };
		82483A1611E154A000DCA14B /* __init__.py */ = {isa = PBXFileReference; fileEncoding = 4; lastKnownFileType = text.script.python; path = __init__.py; sourceTree = "<group>"; };
		82483A1811E154A000DCA14B /* main.py */ = {isa = PBXFileReference; fileEncoding = 4; lastKnownFileType = text.script.python; path = main.py; sourceTree = "<group>"; };
		82483A1911E154A000DCA14B /* SignalParameter.py */ = {isa = PBXFileReference; fileEncoding = 4; lastKnownFileType = text.script.python; path = SignalParameter.py; sourceTree = "<group>"; };
		82483A1B11E154A000DCA14B /* utilityFunctions.py */ = {isa = PBXFileReference; fileEncoding = 4; lastKnownFileType = text.script.python; path = utilityFunctions.py; sourceTree = "<group>"; };
		82483A1D11E154F500DCA14B /* __init__.py */ = {isa = PBXFileReference; fileEncoding = 4; lastKnownFileType = text.script.python; path = __init__.py; sourceTree = "<group>"; };
		82483B2A11E23FA600DCA14B /* __init__.py */ = {isa = PBXFileReference; fileEncoding = 4; lastKnownFileType = text.script.python; path = __init__.py; sourceTree = "<group>"; };
		82483B2B11E23FA600DCA14B /* __init__.pyc */ = {isa = PBXFileReference; lastKnownFileType = file; path = __init__.pyc; sourceTree = "<group>"; };
		82483B2C11E23FA600DCA14B /* Axis.py */ = {isa = PBXFileReference; fileEncoding = 4; lastKnownFileType = text.script.python; path = Axis.py; sourceTree = "<group>"; };
		82483B2D11E23FA600DCA14B /* Axis.pyc */ = {isa = PBXFileReference; lastKnownFileType = file; path = Axis.pyc; sourceTree = "<group>"; };
		82483B2E11E23FA600DCA14B /* AxisConfig.py */ = {isa = PBXFileReference; fileEncoding = 4; lastKnownFileType = text.script.python; path = AxisConfig.py; sourceTree = "<group>"; };
		82483B2F11E23FA600DCA14B /* AxisConfig.pyc */ = {isa = PBXFileReference; lastKnownFileType = file; path = AxisConfig.pyc; sourceTree = "<group>"; };
		82483B3011E23FA600DCA14B /* AxisWidget.py */ = {isa = PBXFileReference; fileEncoding = 4; lastKnownFileType = text.script.python; path = AxisWidget.py; sourceTree = "<group>"; };
		82483B3111E23FA600DCA14B /* AxisWidget.pyc */ = {isa = PBXFileReference; lastKnownFileType = file; path = AxisWidget.pyc; sourceTree = "<group>"; };
		82483B3211E23FA600DCA14B /* CheckBox.py */ = {isa = PBXFileReference; fileEncoding = 4; lastKnownFileType = text.script.python; path = CheckBox.py; sourceTree = "<group>"; };
		82483B3311E23FA600DCA14B /* CheckBox.pyc */ = {isa = PBXFileReference; lastKnownFileType = file; path = CheckBox.pyc; sourceTree = "<group>"; };
		82483B3411E23FA600DCA14B /* GraphWidget.py */ = {isa = PBXFileReference; fileEncoding = 4; lastKnownFileType = text.script.python; path = GraphWidget.py; sourceTree = "<group>"; };
		82483B3511E23FA600DCA14B /* GraphWidget.pyc */ = {isa = PBXFileReference; lastKnownFileType = file; path = GraphWidget.pyc; sourceTree = "<group>"; };
		82483B3611E23FA600DCA14B /* InterfaceLayoutWidget.py */ = {isa = PBXFileReference; fileEncoding = 4; lastKnownFileType = text.script.python; path = InterfaceLayoutWidget.py; sourceTree = "<group>"; };
		82483B3711E23FA600DCA14B /* InterfaceLayoutWidget.pyc */ = {isa = PBXFileReference; lastKnownFileType = file; path = InterfaceLayoutWidget.pyc; sourceTree = "<group>"; };
		82483B3811E23FA600DCA14B /* TextInput.py */ = {isa = PBXFileReference; fileEncoding = 4; lastKnownFileType = text.script.python; path = TextInput.py; sourceTree = "<group>"; };
		82483B3911E23FA600DCA14B /* TextInput.pyc */ = {isa = PBXFileReference; lastKnownFileType = file; path = TextInput.pyc; sourceTree = "<group>"; };
		82483B3A11E23FA600DCA14B /* ParameterInterface.py */ = {isa = PBXFileReference; fileEncoding = 4; lastKnownFileType = text.script.python; path = ParameterInterface.py; sourceTree = "<group>"; };
		82483B3B11E23FA600DCA14B /* UserInterface.py */ = {isa = PBXFileReference; fileEncoding = 4; lastKnownFileType = text.script.python; path = UserInterface.py; sourceTree = "<group>"; };
		82483B3C11E23FA600DCA14B /* WidgetLoader.py */ = {isa = PBXFileReference; fileEncoding = 4; lastKnownFileType = text.script.python; path = WidgetLoader.py; sourceTree = "<group>"; };
		82483B3D11E242E600DCA14B /* __init__.py */ = {isa = PBXFileReference; fileEncoding = 4; lastKnownFileType = text.script.python; path = __init__.py; sourceTree = "<group>"; };
		82483B3F11E245BA00DCA14B /* ParameterGUIManager.py */ = {isa = PBXFileReference; fileEncoding = 4; lastKnownFileType = text.script.python; path = ParameterGUIManager.py; sourceTree = "<group>"; };
		82483B4611E253B500DCA14B /* __init__.py */ = {isa = PBXFileReference; fileEncoding = 4; lastKnownFileType = text.script.python; path = __init__.py; sourceTree = "<group>"; };
		82483B4711E253B500DCA14B /* Basic.py */ = {isa = PBXFileReference; fileEncoding = 4; lastKnownFileType = text.script.python; path = Basic.py; sourceTree = "<group>"; };
		82AD261011E2B33F00F77FB0 /* test.py */ = {isa = PBXFileReference; fileEncoding = 4; lastKnownFileType = text.script.python; path = test.py; sourceTree = "<group>"; };
		82AD261111E2BC2400F77FB0 /* WhiteNoise.py */ = {isa = PBXFileReference; fileEncoding = 4; lastKnownFileType = text.script.python; path = WhiteNoise.py; sourceTree = "<group>"; };
		82FC04EA11FDF22B00208872 /* RepeatedTrials.py */ = {isa = PBXFileReference; fileEncoding = 4; lastKnownFileType = text.script.python; path = RepeatedTrials.py; sourceTree = "<group>"; };
/* End PBXFileReference section */

/* Begin PBXGroup section */
		824839BF11E1241800DCA14B = {
			isa = PBXGroup;
			children = (
				82AD261011E2B33F00F77FB0 /* test.py */,
				824839CA11E1245300DCA14B /* main.py */,
				82483B3F11E245BA00DCA14B /* ParameterGUIManager.py */,
				82483A0211E154A000DCA14B /* Flowchart */,
			);
			sourceTree = "<group>";
		};
		82483A0211E154A000DCA14B /* Flowchart */ = {
			isa = PBXGroup;
			children = (
				82483B2811E23FA600DCA14B /* ParameterGUI */,
				82483A0511E154A000DCA14B /* FlowChartItems */,
				82483A1D11E154F500DCA14B /* __init__.py */,
				82483A0311E154A000DCA14B /* FlowChart.py */,
				82483A1811E154A000DCA14B /* main.py */,
				82483A1911E154A000DCA14B /* SignalParameter.py */,
				82483A1B11E154A000DCA14B /* utilityFunctions.py */,
			);
			path = Flowchart;
			sourceTree = "<group>";
		};
		82483A0511E154A000DCA14B /* FlowChartItems */ = {
			isa = PBXGroup;
			children = (
				82483A0611E154A000DCA14B /* __init__.py */,
				82483B4511E253B500DCA14B /* Experiments */,
				82483A0811E154A000DCA14B /* SignalGenerators */,
			);
			path = FlowChartItems;
			sourceTree = "<group>";
		};
		82483A0811E154A000DCA14B /* SignalGenerators */ = {
			isa = PBXGroup;
			children = (
				82483A0911E154A000DCA14B /* __init__.py */,
				82483A0B11E154A000DCA14B /* CarrierSignals */,
				82483A1011E154A000DCA14B /* Modulators */,
				82483A1511E154A000DCA14B /* Operators */,
			);
			path = SignalGenerators;
			sourceTree = "<group>";
		};
		82483A0B11E154A000DCA14B /* CarrierSignals */ = {
			isa = PBXGroup;
			children = (
				82483A0C11E154A000DCA14B /* __init__.py */,
				82AD261111E2BC2400F77FB0 /* WhiteNoise.py */,
				82483A0E11E154A000DCA14B /* PureTone.py */,
			);
			path = CarrierSignals;
			sourceTree = "<group>";
		};
		82483A1011E154A000DCA14B /* Modulators */ = {
			isa = PBXGroup;
			children = (
				82483A1111E154A000DCA14B /* __init__.py */,
				82483A1311E154A000DCA14B /* Sinusoidal.py */,
			);
			path = Modulators;
			sourceTree = "<group>";
		};
		82483A1511E154A000DCA14B /* Operators */ = {
			isa = PBXGroup;
			children = (
				82332C1311EADB3F0065AE60 /* AmplitudeModulator.py */,
				82483A1611E154A000DCA14B /* __init__.py */,
			);
			path = Operators;
			sourceTree = "<group>";
		};
		82483B2811E23FA600DCA14B /* ParameterGUI */ = {
			isa = PBXGroup;
			children = (
				82483B2911E23FA600DCA14B /* Interfaces */,
				82483B3D11E242E600DCA14B /* __init__.py */,
				82483B3A11E23FA600DCA14B /* ParameterInterface.py */,
				82483B3B11E23FA600DCA14B /* UserInterface.py */,
				82483B3C11E23FA600DCA14B /* WidgetLoader.py */,
			);
			name = ParameterGUI;
			path = FlowChart/ParameterGUI;
			sourceTree = SOURCE_ROOT;
		};
		82483B2911E23FA600DCA14B /* Interfaces */ = {
			isa = PBXGroup;
			children = (
				82483B2A11E23FA600DCA14B /* __init__.py */,
				82483B2B11E23FA600DCA14B /* __init__.pyc */,
				82483B2C11E23FA600DCA14B /* Axis.py */,
				82483B2D11E23FA600DCA14B /* Axis.pyc */,
				82483B2E11E23FA600DCA14B /* AxisConfig.py */,
				82483B2F11E23FA600DCA14B /* AxisConfig.pyc */,
				82483B3011E23FA600DCA14B /* AxisWidget.py */,
				82483B3111E23FA600DCA14B /* AxisWidget.pyc */,
				82483B3211E23FA600DCA14B /* CheckBox.py */,
				82483B3311E23FA600DCA14B /* CheckBox.pyc */,
				82483B3411E23FA600DCA14B /* GraphWidget.py */,
				82483B3511E23FA600DCA14B /* GraphWidget.pyc */,
				82483B3611E23FA600DCA14B /* InterfaceLayoutWidget.py */,
				82483B3711E23FA600DCA14B /* InterfaceLayoutWidget.pyc */,
				82483B3811E23FA600DCA14B /* TextInput.py */,
				82483B3911E23FA600DCA14B /* TextInput.pyc */,
			);
			path = Interfaces;
			sourceTree = "<group>";
		};
		82483B4511E253B500DCA14B /* Experiments */ = {
			isa = PBXGroup;
			children = (
				82483B4611E253B500DCA14B /* __init__.py */,
				82483B4711E253B500DCA14B /* Basic.py */,
				82FC04EA11FDF22B00208872 /* RepeatedTrials.py */,
			);
			name = Experiments;
			path = FlowChart/FlowChartItems/Experiments;
			sourceTree = SOURCE_ROOT;
		};
/* End PBXGroup section */

/* Begin PBXProject section */
		824839C111E1241800DCA14B /* Project object */ = {
			isa = PBXProject;
			buildConfigurationList = 824839C411E1241800DCA14B /* Build configuration list for PBXProject "Combined GUI" */;
			compatibilityVersion = "Xcode 2.4";
			hasScannedForEncodings = 0;
			mainGroup = 824839BF11E1241800DCA14B;
			projectDirPath = "";
			projectRoot = "";
			targets = (
			);
		};
/* End PBXProject section */

/* Begin XCBuildConfiguration section */
		824839C211E1241800DCA14B /* Debug */ = {
			isa = XCBuildConfiguration;
			buildSettings = {
				COPY_PHASE_STRIP = NO;
			};
			name = Debug;
		};
		824839C311E1241800DCA14B /* Release */ = {
			isa = XCBuildConfiguration;
			buildSettings = {
				COPY_PHASE_STRIP = YES;
			};
			name = Release;
		};
/* End XCBuildConfiguration section */

/* Begin XCConfigurationList section */
		824839C411E1241800DCA14B /* Build configuration list for PBXProject "Combined GUI" */ = {
			isa = XCConfigurationList;
			buildConfigurations = (
				824839C211E1241800DCA14B /* Debug */,
				824839C311E1241800DCA14B /* Release */,
			);
			defaultConfigurationIsVisible = 0;
			defaultConfigurationName = Release;
		};
/* End XCConfigurationList section */
	};
	rootObject = 824839C111E1241800DCA14B /* Project object */;
}
